github.com/Nemutagk/godb/v2 v2.0.0 h1:ST8wly0TWr2vS01Pi5Goy10CrajkyO3PjfTSdx7si8A=
github.com/Nemutagk/godb/v2 v2.0.0/go.mod h1:ROr+sWR8c9NFZdKawnGyYkyc/tivy1/8nPbdQiMP4Sw=
github.com/Nemutagk/goerrors v1.2.2 h1:4S8uEJw06IcQCFJlAQMoCaTgeri1/3Z/o2haCiZqqZU=
github.com/Nemutagk/goerrors v1.2.2/go.mod h1:Q+SeEcw23yEFsstLkOBAt7Q4KrL+O4FBK91FgYy5k2g=
github.com/gofrs/uuid v4.4.0+incompatible h1:3qXRTX8/NbyulANqlc0lchS1gqAVxRgsuW1YrTJupqA=
github.com/gofrs/uuid v4.4.0+incompatible/go.mod h1:b2aQJv3Z4Fp6yNu3cdSllBxTCLRxnplIgP/c0N/04lM=
